
Microsoft Visual Studio Solution File, Format Version 12.00
# Visual Studio 14
VisualStudioVersion = 14.0.24720.0
MinimumVisualStudioVersion = 10.0.40219.1
Project("{FAE04EC0-301F-11D3-BF4B-00C04F79EFBC}") = "Techgemechtel.MVVMExample.Presentation", "Techgemechtel.MVVMExample.Presentation\Techgemechtel.MVVMExample.Presentation.csproj", "{95855D2C-A71D-4465-9750-85AE07882CA2}"
EndProject
Project("{FAE04EC0-301F-11D3-BF4B-00C04F79EFBC}") = "Techgemechtel.MVVMExample.View", "Techgemechtel.MVVMExample.View\Techgemechtel.MVVMExample.View.csproj", "{1DCED9D0-8CF3-4B97-B420-F66FCBDCC61F}"
EndProject
Global
	GlobalSection(SolutionConfigurationPlatforms) = preSolution
		Debug|Any CPU = Debug|Any CPU
		Debug|ARM = Debug|ARM
		Debug|x64 = Debug|x64
		Debug|x86 = Debug|x86
		Release|Any CPU = Release|Any CPU
		Release|ARM = Release|ARM
		Release|x64 = Release|x64
		Release|x86 = Release|x86
	EndGlobalSection
	GlobalSection(ProjectConfigurationPlatforms) = postSolution
		{95855D2C-A71D-4465-9750-85AE07882CA2}.Debug|Any CPU.ActiveCfg = Debug|x86
		{95855D2C-A71D-4465-9750-85AE07882CA2}.Debug|ARM.ActiveCfg = Debug|ARM
		{95855D2C-A71D-4465-9750-85AE07882CA2}.Debug|ARM.Build.0 = Debug|ARM
		{95855D2C-A71D-4465-9750-85AE07882CA2}.Debug|ARM.Deploy.0 = Debug|ARM
		{95855D2C-A71D-4465-9750-85AE07882CA2}.Debug|x64.ActiveCfg = Debug|x64
		{95855D2C-A71D-4465-9750-85AE07882CA2}.Debug|x64.Build.0 = Debug|x64
		{95855D2C-A71D-4465-9750-85AE07882CA2}.Debug|x64.Deploy.0 = Debug|x64
		{95855D2C-A71D-4465-9750-85AE07882CA2}.Debug|x86.ActiveCfg = Debug|x86
		{95855D2C-A71D-4465-9750-85AE07882CA2}.Debug|x86.Build.0 = Debug|x86
		{95855D2C-A71D-4465-9750-85AE07882CA2}.Debug|x86.Deploy.0 = Debug|x86
		{95855D2C-A71D-4465-9750-85AE07882CA2}.Release|Any CPU.ActiveCfg = Release|x86
		{95855D2C-A71D-4465-9750-85AE07882CA2}.Release|ARM.ActiveCfg = Release|ARM
		{95855D2C-A71D-4465-9750-85AE07882CA2}.Release|ARM.Build.0 = Release|ARM
		{95855D2C-A71D-4465-9750-85AE07882CA2}.Release|ARM.Deploy.0 = Release|ARM
		{95855D2C-A71D-4465-9750-85AE07882CA2}.Release|x64.ActiveCfg = Release|x64
		{95855D2C-A71D-4465-9750-85AE07882CA2}.Release|x64.Build.0 = Release|x64
		{95855D2C-A71D-4465-9750-85AE07882CA2}.Release|x64.Deploy.0 = Release|x64
		{95855D2C-A71D-4465-9750-85AE07882CA2}.Release|x86.ActiveCfg = Release|x86
		{95855D2C-A71D-4465-9750-85AE07882CA2}.Release|x86.Build.0 = Release|x86
		{95855D2C-A71D-4465-9750-85AE07882CA2}.Release|x86.Deploy.0 = Release|x86
		{1DCED9D0-8CF3-4B97-B420-F66FCBDCC61F}.Debug|Any CPU.ActiveCfg = Debug|Any CPU
		{1DCED9D0-8CF3-4B97-B420-F66FCBDCC61F}.Debug|Any CPU.Build.0 = Debug|Any CPU
		{1DCED9D0-8CF3-4B97-B420-F66FCBDCC61F}.Debug|ARM.ActiveCfg = Debug|Any CPU
		{1DCED9D0-8CF3-4B97-B420-F66FCBDCC61F}.Debug|ARM.Build.0 = Debug|Any CPU
		{1DCED9D0-8CF3-4B97-B420-F66FCBDCC61F}.Debug|x64.ActiveCfg = Debug|Any CPU
		{1DCED9D0-8CF3-4B97-B420-F66FCBDCC61F}.Debug|x64.Build.0 = Debug|Any CPU
		{1DCED9D0-8CF3-4B97-B420-F66FCBDCC61F}.Debug|x86.ActiveCfg = Debug|Any CPU
		{1DCED9D0-8CF3-4B97-B420-F66FCBDCC61F}.Debug|x86.Build.0 = Debug|Any CPU
		{1DCED9D0-8CF3-4B97-B420-F66FCBDCC61F}.Release|Any CPU.ActiveCfg = Release|Any CPU
		{1DCED9D0-8CF3-4B97-B420-F66FCBDCC61F}.Release|Any CPU.Build.0 = Release|Any CPU
		{1DCED9D0-8CF3-4B97-B420-F66FCBDCC61F}.Release|ARM.ActiveCfg = Release|Any CPU
		{1DCED9D0-8CF3-4B97-B420-F66FCBDCC61F}.Release|ARM.Build.0 = Release|Any CPU
		{1DCED9D0-8CF3-4B97-B420-F66FCBDCC61F}.Release|x64.ActiveCfg = Release|Any CPU
		{1DCED9D0-8CF3-4B97-B420-F66FCBDCC61F}.Release|x64.Build.0 = Release|Any CPU
		{1DCED9D0-8CF3-4B97-B420-F66FCBDCC61F}.Release|x86.ActiveCfg = Release|Any CPU
		{1DCED9D0-8CF3-4B97-B420-F66FCBDCC61F}.Release|x86.Build.0 = Release|Any CPU
	EndGlobalSection
	GlobalSection(SolutionProperties) = preSolution
		HideSolutionNode = FALSE
	EndGlobalSection
EndGlobal
